
Microsoft Visual Studio Solution File, Format Version 12.00
# Visual Studio Version 17
VisualStudioVersion = 17.12.35707.178
MinimumVisualStudioVersion = 10.0.40219.1
Project("{FAE04EC0-301F-11D3-BF4B-00C04F79EFBC}") = "CadSimulation", "CadSimulation\CadSimulation.csproj", "{4A7A92A9-F4FF-4503-86AA-6D52BFF2CF52}"
EndProject
Project("{FAE04EC0-301F-11D3-BF4B-00C04F79EFBC}") = "FileSystemLib", "FileSystemLib\FileSystemLib.csproj", "{3BE73A92-450F-49A1-B6AE-76FE5D350F2C}"
EndProject
Project("{FAE04EC0-301F-11D3-BF4B-00C04F79EFBC}") = "BusinessLib", "BusinessLib\BusinessLib.csproj", "{231084BD-2A7F-4DB4-A8AB-29B6F7EC7440}"
EndProject
Project("{FAE04EC0-301F-11D3-BF4B-00C04F79EFBC}") = "NetworkLib", "NetworkLib\NetworkLib.csproj", "{6D7AD575-5E2C-49BF-B113-ADB08D3FE4B9}"
EndProject
Project("{FAE04EC0-301F-11D3-BF4B-00C04F79EFBC}") = "ConsoleUILib", "ConsoleUILib\ConsoleUILib.csproj", "{297C0788-5D58-4B5F-ACF0-70266B110E7C}"
EndProject
Global
	GlobalSection(SolutionConfigurationPlatforms) = preSolution
		Debug|Any CPU = Debug|Any CPU
		Release|Any CPU = Release|Any CPU
	EndGlobalSection
	GlobalSection(ProjectConfigurationPlatforms) = postSolution
		{4A7A92A9-F4FF-4503-86AA-6D52BFF2CF52}.Debug|Any CPU.ActiveCfg = Debug|Any CPU
		{4A7A92A9-F4FF-4503-86AA-6D52BFF2CF52}.Debug|Any CPU.Build.0 = Debug|Any CPU
		{4A7A92A9-F4FF-4503-86AA-6D52BFF2CF52}.Release|Any CPU.ActiveCfg = Release|Any CPU
		{4A7A92A9-F4FF-4503-86AA-6D52BFF2CF52}.Release|Any CPU.Build.0 = Release|Any CPU
		{3BE73A92-450F-49A1-B6AE-76FE5D350F2C}.Debug|Any CPU.ActiveCfg = Debug|Any CPU
		{3BE73A92-450F-49A1-B6AE-76FE5D350F2C}.Debug|Any CPU.Build.0 = Debug|Any CPU
		{3BE73A92-450F-49A1-B6AE-76FE5D350F2C}.Release|Any CPU.ActiveCfg = Release|Any CPU
		{3BE73A92-450F-49A1-B6AE-76FE5D350F2C}.Release|Any CPU.Build.0 = Release|Any CPU
		{231084BD-2A7F-4DB4-A8AB-29B6F7EC7440}.Debug|Any CPU.ActiveCfg = Debug|Any CPU
		{231084BD-2A7F-4DB4-A8AB-29B6F7EC7440}.Debug|Any CPU.Build.0 = Debug|Any CPU
		{231084BD-2A7F-4DB4-A8AB-29B6F7EC7440}.Release|Any CPU.ActiveCfg = Release|Any CPU
		{231084BD-2A7F-4DB4-A8AB-29B6F7EC7440}.Release|Any CPU.Build.0 = Release|Any CPU
		{6D7AD575-5E2C-49BF-B113-ADB08D3FE4B9}.Debug|Any CPU.ActiveCfg = Debug|Any CPU
		{6D7AD575-5E2C-49BF-B113-ADB08D3FE4B9}.Debug|Any CPU.Build.0 = Debug|Any CPU
		{6D7AD575-5E2C-49BF-B113-ADB08D3FE4B9}.Release|Any CPU.ActiveCfg = Release|Any CPU
		{6D7AD575-5E2C-49BF-B113-ADB08D3FE4B9}.Release|Any CPU.Build.0 = Release|Any CPU
		{297C0788-5D58-4B5F-ACF0-70266B110E7C}.Debug|Any CPU.ActiveCfg = Debug|Any CPU
		{297C0788-5D58-4B5F-ACF0-70266B110E7C}.Debug|Any CPU.Build.0 = Debug|Any CPU
		{297C0788-5D58-4B5F-ACF0-70266B110E7C}.Release|Any CPU.ActiveCfg = Release|Any CPU
		{297C0788-5D58-4B5F-ACF0-70266B110E7C}.Release|Any CPU.Build.0 = Release|Any CPU
	EndGlobalSection
	GlobalSection(SolutionProperties) = preSolution
		HideSolutionNode = FALSE
	EndGlobalSection
EndGlobal
